// !$*UTF8*$!
{
	archiveVersion = 1;
	classes = {
	};
	objectVersion = 56;
	objects = {

/* Begin PBXBuildFile section */
		A4ABB51129E7E8D00010EC5A /* ArtistCoreDataApp.swift in Sources */ = {isa = PBXBuildFile; fileRef = A4ABB51029E7E8D00010EC5A /* ArtistCoreDataApp.swift */; };
		A4ABB51329E7E8D00010EC5A /* ContentView.swift in Sources */ = {isa = PBXBuildFile; fileRef = A4ABB51229E7E8D00010EC5A /* ContentView.swift */; };
		A4ABB51529E7E8D20010EC5A /* Assets.xcassets in Resources */ = {isa = PBXBuildFile; fileRef = A4ABB51429E7E8D20010EC5A /* Assets.xcassets */; };
		A4ABB51829E7E8D20010EC5A /* Preview Assets.xcassets in Resources */ = {isa = PBXBuildFile; fileRef = A4ABB51729E7E8D20010EC5A /* Preview Assets.xcassets */; };
		A4ABB51A29E7E8D20010EC5A /* Persistence.swift in Sources */ = {isa = PBXBuildFile; fileRef = A4ABB51929E7E8D20010EC5A /* Persistence.swift */; };
		A4ABB51D29E7E8D20010EC5A /* ArtistCoreData.xcdatamodeld in Sources */ = {isa = PBXBuildFile; fileRef = A4ABB51B29E7E8D20010EC5A /* ArtistCoreData.xcdatamodeld */; };
		A4ABB52529E7E9710010EC5A /* artistsData000.json in Resources */ = {isa = PBXBuildFile; fileRef = A4ABB52429E7E9710010EC5A /* artistsData000.json */; };
		A4ABB52929E7EA3C0010EC5A /* Artist.swift in Sources */ = {isa = PBXBuildFile; fileRef = A4ABB52829E7EA3C0010EC5A /* Artist.swift */; };
		A4ABB52B29E7EBF70010EC5A /* JsonReader.swift in Sources */ = {isa = PBXBuildFile; fileRef = A4ABB52A29E7EBF70010EC5A /* JsonReader.swift */; };
		A4ABB52D29E7F6C20010EC5A /* ArtistView.swift in Sources */ = {isa = PBXBuildFile; fileRef = A4ABB52C29E7F6C20010EC5A /* ArtistView.swift */; };
		A4ABB53129E814D10010EC5A /* CoreDataManager.swift in Sources */ = {isa = PBXBuildFile; fileRef = A4ABB53029E814D10010EC5A /* CoreDataManager.swift */; };
/* End PBXBuildFile section */

/* Begin PBXFileReference section */
		A4ABB50D29E7E8D00010EC5A /* ArtistCoreData.app */ = {isa = PBXFileReference; explicitFileType = wrapper.application; includeInIndex = 0; path = ArtistCoreData.app; sourceTree = BUILT_PRODUCTS_DIR; };
		A4ABB51029E7E8D00010EC5A /* ArtistCoreDataApp.swift */ = {isa = PBXFileReference; lastKnownFileType = sourcecode.swift; path = ArtistCoreDataApp.swift; sourceTree = "<group>"; };
		A4ABB51229E7E8D00010EC5A /* ContentView.swift */ = {isa = PBXFileReference; lastKnownFileType = sourcecode.swift; path = ContentView.swift; sourceTree = "<group>"; };
		A4ABB51429E7E8D20010EC5A /* Assets.xcassets */ = {isa = PBXFileReference; lastKnownFileType = folder.assetcatalog; path = Assets.xcassets; sourceTree = "<group>"; };
		A4ABB51729E7E8D20010EC5A /* Preview Assets.xcassets */ = {isa = PBXFileReference; lastKnownFileType = folder.assetcatalog; path = "Preview Assets.xcassets"; sourceTree = "<group>"; };
		A4ABB51929E7E8D20010EC5A /* Persistence.swift */ = {isa = PBXFileReference; lastKnownFileType = sourcecode.swift; path = Persistence.swift; sourceTree = "<group>"; };
		A4ABB51C29E7E8D20010EC5A /* ArtistCoreData.xcdatamodel */ = {isa = PBXFileReference; lastKnownFileType = wrapper.xcdatamodel; path = ArtistCoreData.xcdatamodel; sourceTree = "<group>"; };
		A4ABB52429E7E9710010EC5A /* artistsData000.json */ = {isa = PBXFileReference; lastKnownFileType = text.json; path = artistsData000.json; sourceTree = "<group>"; };
		A4ABB52829E7EA3C0010EC5A /* Artist.swift */ = {isa = PBXFileReference; lastKnownFileType = sourcecode.swift; path = Artist.swift; sourceTree = "<group>"; };
		A4ABB52A29E7EBF70010EC5A /* JsonReader.swift */ = {isa = PBXFileReference; lastKnownFileType = sourcecode.swift; path = JsonReader.swift; sourceTree = "<group>"; };
		A4ABB52C29E7F6C20010EC5A /* ArtistView.swift */ = {isa = PBXFileReference; lastKnownFileType = sourcecode.swift; path = ArtistView.swift; sourceTree = "<group>"; };
		A4ABB53029E814D10010EC5A /* CoreDataManager.swift */ = {isa = PBXFileReference; lastKnownFileType = sourcecode.swift; path = CoreDataManager.swift; sourceTree = "<group>"; };
/* End PBXFileReference section */

/* Begin PBXFrameworksBuildPhase section */
		A4ABB50A29E7E8D00010EC5A /* Frameworks */ = {
			isa = PBXFrameworksBuildPhase;
			buildActionMask = 2147483647;
			files = (
			);
			runOnlyForDeploymentPostprocessing = 0;
		};
/* End PBXFrameworksBuildPhase section */

/* Begin PBXGroup section */
		A4ABB50429E7E8D00010EC5A = {
			isa = PBXGroup;
			children = (
				A4ABB50F29E7E8D00010EC5A /* ArtistCoreData */,
				A4ABB50E29E7E8D00010EC5A /* Products */,
			);
			sourceTree = "<group>";
		};
		A4ABB50E29E7E8D00010EC5A /* Products */ = {
			isa = PBXGroup;
			children = (
				A4ABB50D29E7E8D00010EC5A /* ArtistCoreData.app */,
			);
			name = Products;
			sourceTree = "<group>";
		};
		A4ABB50F29E7E8D00010EC5A /* ArtistCoreData */ = {
			isa = PBXGroup;
			children = (
				A4ABB51029E7E8D00010EC5A /* ArtistCoreDataApp.swift */,
				A4ABB51229E7E8D00010EC5A /* ContentView.swift */,
				A4ABB52C29E7F6C20010EC5A /* ArtistView.swift */,
				A4ABB52729E7EA1A0010EC5A /* Models */,
				A4ABB52329E7E9020010EC5A /* CoreData */,
				A4ABB52629E7E9F50010EC5A /* Resourses */,
				A4ABB51429E7E8D20010EC5A /* Assets.xcassets */,
				A4ABB51629E7E8D20010EC5A /* Preview Content */,
			);
			path = ArtistCoreData;
			sourceTree = "<group>";
		};
		A4ABB51629E7E8D20010EC5A /* Preview Content */ = {
			isa = PBXGroup;
			children = (
				A4ABB51729E7E8D20010EC5A /* Preview Assets.xcassets */,
			);
			path = "Preview Content";
			sourceTree = "<group>";
		};
		A4ABB52329E7E9020010EC5A /* CoreData */ = {
			isa = PBXGroup;
			children = (
				A4ABB51B29E7E8D20010EC5A /* ArtistCoreData.xcdatamodeld */,
				A4ABB51929E7E8D20010EC5A /* Persistence.swift */,
				A4ABB53029E814D10010EC5A /* CoreDataManager.swift */,
			);
			path = CoreData;
			sourceTree = "<group>";
		};
		A4ABB52629E7E9F50010EC5A /* Resourses */ = {
			isa = PBXGroup;
			children = (
				A4ABB52429E7E9710010EC5A /* artistsData000.json */,
				A4ABB52A29E7EBF70010EC5A /* JsonReader.swift */,
			);
			path = Resourses;
			sourceTree = "<group>";
		};
		A4ABB52729E7EA1A0010EC5A /* Models */ = {
			isa = PBXGroup;
			children = (
				A4ABB52829E7EA3C0010EC5A /* Artist.swift */,
			);
			path = Models;
			sourceTree = "<group>";
		};
/* End PBXGroup section */

/* Begin PBXNativeTarget section */
		A4ABB50C29E7E8D00010EC5A /* ArtistCoreData */ = {
			isa = PBXNativeTarget;
			buildConfigurationList = A4ABB52029E7E8D20010EC5A /* Build configuration list for PBXNativeTarget "ArtistCoreData" */;
			buildPhases = (
				A4ABB50929E7E8D00010EC5A /* Sources */,
				A4ABB50A29E7E8D00010EC5A /* Frameworks */,
				A4ABB50B29E7E8D00010EC5A /* Resources */,
			);
			buildRules = (
			);
			dependencies = (
			);
			name = ArtistCoreData;
			productName = ArtistCoreData;
			productReference = A4ABB50D29E7E8D00010EC5A /* ArtistCoreData.app */;
			productType = "com.apple.product-type.application";
		};
/* End PBXNativeTarget section */

/* Begin PBXProject section */
		A4ABB50529E7E8D00010EC5A /* Project object */ = {
			isa = PBXProject;
			attributes = {
				BuildIndependentTargetsInParallel = 1;
				LastSwiftUpdateCheck = 1420;
				LastUpgradeCheck = 1420;
				TargetAttributes = {
					A4ABB50C29E7E8D00010EC5A = {
						CreatedOnToolsVersion = 14.2;
					};
				};
			};
			buildConfigurationList = A4ABB50829E7E8D00010EC5A /* Build configuration list for PBXProject "ArtistCoreData" */;
			compatibilityVersion = "Xcode 14.0";
			developmentRegion = en;
			hasScannedForEncodings = 0;
			knownRegions = (
				en,
				Base,
			);
			mainGroup = A4ABB50429E7E8D00010EC5A;
			productRefGroup = A4ABB50E29E7E8D00010EC5A /* Products */;
			projectDirPath = "";
			projectRoot = "";
			targets = (
				A4ABB50C29E7E8D00010EC5A /* ArtistCoreData */,
			);
		};
/* End PBXProject section */

/* Begin PBXResourcesBuildPhase section */
		A4ABB50B29E7E8D00010EC5A /* Resources */ = {
			isa = PBXResourcesBuildPhase;
			buildActionMask = 2147483647;
			files = (
				A4ABB51829E7E8D20010EC5A /* Preview Assets.xcassets in Resources */,
				A4ABB51529E7E8D20010EC5A /* Assets.xcassets in Resources */,
				A4ABB52529E7E9710010EC5A /* artistsData000.json in Resources */,
			);
			runOnlyForDeploymentPostprocessing = 0;
		};
/* End PBXResourcesBuildPhase section */

/* Begin PBXSourcesBuildPhase section */
		A4ABB50929E7E8D00010EC5A /* Sources */ = {
			isa = PBXSourcesBuildPhase;
			buildActionMask = 2147483647;
			files = (
				A4ABB51A29E7E8D20010EC5A /* Persistence.swift in Sources */,
				A4ABB51D29E7E8D20010EC5A /* ArtistCoreData.xcdatamodeld in Sources */,
				A4ABB52D29E7F6C20010EC5A /* ArtistView.swift in Sources */,
				A4ABB51329E7E8D00010EC5A /* ContentView.swift in Sources */,
				A4ABB52929E7EA3C0010EC5A /* Artist.swift in Sources */,
				A4ABB52B29E7EBF70010EC5A /* JsonReader.swift in Sources */,
				A4ABB53129E814D10010EC5A /* CoreDataManager.swift in Sources */,
				A4ABB51129E7E8D00010EC5A /* ArtistCoreDataApp.swift in Sources */,
			);
			runOnlyForDeploymentPostprocessing = 0;
		};
/* End PBXSourcesBuildPhase section */

/* Begin XCBuildConfiguration section */
		A4ABB51E29E7E8D20010EC5A /* Debug */ = {
			isa = XCBuildConfiguration;
			buildSettings = {
				ALWAYS_SEARCH_USER_PATHS = NO;
				CLANG_ANALYZER_NONNULL = YES;
				CLANG_ANALYZER_NUMBER_OBJECT_CONVERSION = YES_AGGRESSIVE;
				CLANG_CXX_LANGUAGE_STANDARD = "gnu++20";
				CLANG_ENABLE_MODULES = YES;
				CLANG_ENABLE_OBJC_ARC = YES;
				CLANG_ENABLE_OBJC_WEAK = YES;
				CLANG_WARN_BLOCK_CAPTURE_AUTORELEASING = YES;
				CLANG_WARN_BOOL_CONVERSION = YES;
				CLANG_WARN_COMMA = YES;
				CLANG_WARN_CONSTANT_CONVERSION = YES;
				CLANG_WARN_DEPRECATED_OBJC_IMPLEMENTATIONS = YES;
				CLANG_WARN_DIRECT_OBJC_ISA_USAGE = YES_ERROR;
				CLANG_WARN_DOCUMENTATION_COMMENTS = YES;
				CLANG_WARN_EMPTY_BODY = YES;
				CLANG_WARN_ENUM_CONVERSION = YES;
				CLANG_WARN_INFINITE_RECURSION = YES;
				CLANG_WARN_INT_CONVERSION = YES;
				CLANG_WARN_NON_LITERAL_NULL_CONVERSION = YES;
				CLANG_WARN_OBJC_IMPLICIT_RETAIN_SELF = YES;
				CLANG_WARN_OBJC_LITERAL_CONVERSION = YES;
				CLANG_WARN_OBJC_ROOT_CLASS = YES_ERROR;
				CLANG_WARN_QUOTED_INCLUDE_IN_FRAMEWORK_HEADER = YES;
				CLANG_WARN_RANGE_LOOP_ANALYSIS = YES;
				CLANG_WARN_STRICT_PROTOTYPES = YES;
				CLANG_WARN_SUSPICIOUS_MOVE = YES;
				CLANG_WARN_UNGUARDED_AVAILABILITY = YES_AGGRESSIVE;
				CLANG_WARN_UNREACHABLE_CODE = YES;
				CLANG_WARN__DUPLICATE_METHOD_MATCH = YES;
				COPY_PHASE_STRIP = NO;
				DEBUG_INFORMATION_FORMAT = dwarf;
				ENABLE_STRICT_OBJC_MSGSEND = YES;
				ENABLE_TESTABILITY = YES;
				GCC_C_LANGUAGE_STANDARD = gnu11;
				GCC_DYNAMIC_NO_PIC = NO;
				GCC_NO_COMMON_BLOCKS = YES;
				GCC_OPTIMIZATION_LEVEL = 0;
				GCC_PREPROCESSOR_DEFINITIONS = (
					"DEBUG=1",
					"$(inherited)",
				);
				GCC_WARN_64_TO_32_BIT_CONVERSION = YES;
				GCC_WARN_ABOUT_RETURN_TYPE = YES_ERROR;
				GCC_WARN_UNDECLARED_SELECTOR = YES;
				GCC_WARN_UNINITIALIZED_AUTOS = YES_AGGRESSIVE;
				GCC_WARN_UNUSED_FUNCTION = YES;
				GCC_WARN_UNUSED_VARIABLE = YES;
				IPHONEOS_DEPLOYMENT_TARGET = 16.2;
				MTL_ENABLE_DEBUG_INFO = INCLUDE_SOURCE;
				MTL_FAST_MATH = YES;
				ONLY_ACTIVE_ARCH = YES;
				SDKROOT = iphoneos;
				SWIFT_ACTIVE_COMPILATION_CONDITIONS = DEBUG;
				SWIFT_OPTIMIZATION_LEVEL = "-Onone";
			};
			name = Debug;
		};
		A4ABB51F29E7E8D20010EC5A /* Release */ = {
			isa = XCBuildConfiguration;
			buildSettings = {
				ALWAYS_SEARCH_USER_PATHS = NO;
				CLANG_ANALYZER_NONNULL = YES;
				CLANG_ANALYZER_NUMBER_OBJECT_CONVERSION = YES_AGGRESSIVE;
				CLANG_CXX_LANGUAGE_STANDARD = "gnu++20";
				CLANG_ENABLE_MODULES = YES;
				CLANG_ENABLE_OBJC_ARC = YES;
				CLANG_ENABLE_OBJC_WEAK = YES;
				CLANG_WARN_BLOCK_CAPTURE_AUTORELEASING = YES;
				CLANG_WARN_BOOL_CONVERSION = YES;
				CLANG_WARN_COMMA = YES;
				CLANG_WARN_CONSTANT_CONVERSION = YES;
				CLANG_WARN_DEPRECATED_OBJC_IMPLEMENTATIONS = YES;
				CLANG_WARN_DIRECT_OBJC_ISA_USAGE = YES_ERROR;
				CLANG_WARN_DOCUMENTATION_COMMENTS = YES;
				CLANG_WARN_EMPTY_BODY = YES;
				CLANG_WARN_ENUM_CONVERSION = YES;
				CLANG_WARN_INFINITE_RECURSION = YES;
				CLANG_WARN_INT_CONVERSION = YES;
				CLANG_WARN_NON_LITERAL_NULL_CONVERSION = YES;
				CLANG_WARN_OBJC_IMPLICIT_RETAIN_SELF = YES;
				CLANG_WARN_OBJC_LITERAL_CONVERSION = YES;
				CLANG_WARN_OBJC_ROOT_CLASS = YES_ERROR;
				CLANG_WARN_QUOTED_INCLUDE_IN_FRAMEWORK_HEADER = YES;
				CLANG_WARN_RANGE_LOOP_ANALYSIS = YES;
				CLANG_WARN_STRICT_PROTOTYPES = YES;
				CLANG_WARN_SUSPICIOUS_MOVE = YES;
				CLANG_WARN_UNGUARDED_AVAILABILITY = YES_AGGRESSIVE;
				CLANG_WARN_UNREACHABLE_CODE = YES;
				CLANG_WARN__DUPLICATE_METHOD_MATCH = YES;
				COPY_PHASE_STRIP = NO;
				DEBUG_INFORMATION_FORMAT = "dwarf-with-dsym";
				ENABLE_NS_ASSERTIONS = NO;
				ENABLE_STRICT_OBJC_MSGSEND = YES;
				GCC_C_LANGUAGE_STANDARD = gnu11;
				GCC_NO_COMMON_BLOCKS = YES;
				GCC_WARN_64_TO_32_BIT_CONVERSION = YES;
				GCC_WARN_ABOUT_RETURN_TYPE = YES_ERROR;
				GCC_WARN_UNDECLARED_SELECTOR = YES;
				GCC_WARN_UNINITIALIZED_AUTOS = YES_AGGRESSIVE;
				GCC_WARN_UNUSED_FUNCTION = YES;
				GCC_WARN_UNUSED_VARIABLE = YES;
				IPHONEOS_DEPLOYMENT_TARGET = 16.2;
				MTL_ENABLE_DEBUG_INFO = NO;
				MTL_FAST_MATH = YES;
				SDKROOT = iphoneos;
				SWIFT_COMPILATION_MODE = wholemodule;
				SWIFT_OPTIMIZATION_LEVEL = "-O";
				VALIDATE_PRODUCT = YES;
			};
			name = Release;
		};
		A4ABB52129E7E8D20010EC5A /* Debug */ = {
			isa = XCBuildConfiguration;
			buildSettings = {
				ASSETCATALOG_COMPILER_APPICON_NAME = AppIcon;
				ASSETCATALOG_COMPILER_GLOBAL_ACCENT_COLOR_NAME = AccentColor;
				CODE_SIGN_STYLE = Automatic;
				CURRENT_PROJECT_VERSION = 1;
				DEVELOPMENT_ASSET_PATHS = "\"ArtistCoreData/Preview Content\"";
				DEVELOPMENT_TEAM = DRZ83U4BJ3;
				ENABLE_PREVIEWS = YES;
				GENERATE_INFOPLIST_FILE = YES;
				INFOPLIST_KEY_UIApplicationSceneManifest_Generation = YES;
				INFOPLIST_KEY_UIApplicationSupportsIndirectInputEvents = YES;
				INFOPLIST_KEY_UILaunchScreen_Generation = YES;
				INFOPLIST_KEY_UISupportedInterfaceOrientations_iPad = "UIInterfaceOrientationPortrait UIInterfaceOrientationPortraitUpsideDown UIInterfaceOrientationLandscapeLeft UIInterfaceOrientationLandscapeRight";
				INFOPLIST_KEY_UISupportedInterfaceOrientations_iPhone = "UIInterfaceOrientationPortrait UIInterfaceOrientationLandscapeLeft UIInterfaceOrientationLandscapeRight";
				LD_RUNPATH_SEARCH_PATHS = (
					"$(inherited)",
					"@executable_path/Frameworks",
				);
				MARKETING_VERSION = 1.0;
				PRODUCT_BUNDLE_IDENTIFIER = Vlad.ArtistCoreData;
				PRODUCT_NAME = "$(TARGET_NAME)";
				SWIFT_EMIT_LOC_STRINGS = YES;
				SWIFT_VERSION = 5.0;
				TARGETED_DEVICE_FAMILY = "1,2";
			};
			name = Debug;
		};
		A4ABB52229E7E8D20010EC5A /* Release */ = {
			isa = XCBuildConfiguration;
			buildSettings = {
				ASSETCATALOG_COMPILER_APPICON_NAME = AppIcon;
				ASSETCATALOG_COMPILER_GLOBAL_ACCENT_COLOR_NAME = AccentColor;
				CODE_SIGN_STYLE = Automatic;
				CURRENT_PROJECT_VERSION = 1;
				DEVELOPMENT_ASSET_PATHS = "\"ArtistCoreData/Preview Content\"";
				DEVELOPMENT_TEAM = DRZ83U4BJ3;
				ENABLE_PREVIEWS = YES;
				GENERATE_INFOPLIST_FILE = YES;
				INFOPLIST_KEY_UIApplicationSceneManifest_Generation = YES;
				INFOPLIST_KEY_UIApplicationSupportsIndirectInputEvents = YES;
				INFOPLIST_KEY_UILaunchScreen_Generation = YES;
				INFOPLIST_KEY_UISupportedInterfaceOrientations_iPad = "UIInterfaceOrientationPortrait UIInterfaceOrientationPortraitUpsideDown UIInterfaceOrientationLandscapeLeft UIInterfaceOrientationLandscapeRight";
				INFOPLIST_KEY_UISupportedInterfaceOrientations_iPhone = "UIInterfaceOrientationPortrait UIInterfaceOrientationLandscapeLeft UIInterfaceOrientationLandscapeRight";
				LD_RUNPATH_SEARCH_PATHS = (
					"$(inherited)",
					"@executable_path/Frameworks",
				);
				MARKETING_VERSION = 1.0;
				PRODUCT_BUNDLE_IDENTIFIER = Vlad.ArtistCoreData;
				PRODUCT_NAME = "$(TARGET_NAME)";
				SWIFT_EMIT_LOC_STRINGS = YES;
				SWIFT_VERSION = 5.0;
				TARGETED_DEVICE_FAMILY = "1,2";
			};
			name = Release;
		};
/* End XCBuildConfiguration section */

/* Begin XCConfigurationList section */
		A4ABB50829E7E8D00010EC5A /* Build configuration list for PBXProject "ArtistCoreData" */ = {
			isa = XCConfigurationList;
			buildConfigurations = (
				A4ABB51E29E7E8D20010EC5A /* Debug */,
				A4ABB51F29E7E8D20010EC5A /* Release */,
			);
			defaultConfigurationIsVisible = 0;
			defaultConfigurationName = Release;
		};
		A4ABB52029E7E8D20010EC5A /* Build configuration list for PBXNativeTarget "ArtistCoreData" */ = {
			isa = XCConfigurationList;
			buildConfigurations = (
				A4ABB52129E7E8D20010EC5A /* Debug */,
				A4ABB52229E7E8D20010EC5A /* Release */,
			);
			defaultConfigurationIsVisible = 0;
			defaultConfigurationName = Release;
		};
/* End XCConfigurationList section */

/* Begin XCVersionGroup section */
		A4ABB51B29E7E8D20010EC5A /* ArtistCoreData.xcdatamodeld */ = {
			isa = XCVersionGroup;
			children = (
				A4ABB51C29E7E8D20010EC5A /* ArtistCoreData.xcdatamodel */,
			);
			currentVersion = A4ABB51C29E7E8D20010EC5A /* ArtistCoreData.xcdatamodel */;
			path = ArtistCoreData.xcdatamodeld;
			sourceTree = "<group>";
			versionGroupType = wrapper.xcdatamodel;
		};
/* End XCVersionGroup section */
	};
	rootObject = A4ABB50529E7E8D00010EC5A /* Project object */;
}
